
Microsoft Visual Studio Solution File, Format Version 12.00
# Visual Studio Version 16
VisualStudioVersion = 16.0.29613.14
MinimumVisualStudioVersion = 15.0.26124.0
Project("{FAE04EC0-301F-11D3-BF4B-00C04F79EFBC}") = "ArrayManipulation", "ArrayManipulation\ArrayManipulation.csproj", "{7DF44533-0012-4824-B7EF-DEB270043045}"
EndProject
Project("{FAE04EC0-301F-11D3-BF4B-00C04F79EFBC}") = "ArrayManipulation.Tests", "ArrayManipulation.Tests\ArrayManipulation.Tests.csproj", "{9DA5B73D-B631-4FFB-8464-403C3A1652F2}"
EndProject
Global
	GlobalSection(SolutionConfigurationPlatforms) = preSolution
		Debug|Any CPU = Debug|Any CPU
		Debug|x64 = Debug|x64
		Debug|x86 = Debug|x86
		Release|Any CPU = Release|Any CPU
		Release|x64 = Release|x64
		Release|x86 = Release|x86
	EndGlobalSection
	GlobalSection(ProjectConfigurationPlatforms) = postSolution
		{7DF44533-0012-4824-B7EF-DEB270043045}.Debug|Any CPU.ActiveCfg = Debug|Any CPU
		{7DF44533-0012-4824-B7EF-DEB270043045}.Debug|Any CPU.Build.0 = Debug|Any CPU
		{7DF44533-0012-4824-B7EF-DEB270043045}.Debug|x64.ActiveCfg = Debug|Any CPU
		{7DF44533-0012-4824-B7EF-DEB270043045}.Debug|x64.Build.0 = Debug|Any CPU
		{7DF44533-0012-4824-B7EF-DEB270043045}.Debug|x86.ActiveCfg = Debug|Any CPU
		{7DF44533-0012-4824-B7EF-DEB270043045}.Debug|x86.Build.0 = Debug|Any CPU
		{7DF44533-0012-4824-B7EF-DEB270043045}.Release|Any CPU.ActiveCfg = Release|Any CPU
		{7DF44533-0012-4824-B7EF-DEB270043045}.Release|Any CPU.Build.0 = Release|Any CPU
		{7DF44533-0012-4824-B7EF-DEB270043045}.Release|x64.ActiveCfg = Release|Any CPU
		{7DF44533-0012-4824-B7EF-DEB270043045}.Release|x64.Build.0 = Release|Any CPU
		{7DF44533-0012-4824-B7EF-DEB270043045}.Release|x86.ActiveCfg = Release|Any CPU
		{7DF44533-0012-4824-B7EF-DEB270043045}.Release|x86.Build.0 = Release|Any CPU
		{9DA5B73D-B631-4FFB-8464-403C3A1652F2}.Debug|Any CPU.ActiveCfg = Debug|Any CPU
		{9DA5B73D-B631-4FFB-8464-403C3A1652F2}.Debug|Any CPU.Build.0 = Debug|Any CPU
		{9DA5B73D-B631-4FFB-8464-403C3A1652F2}.Debug|x64.ActiveCfg = Debug|Any CPU
		{9DA5B73D-B631-4FFB-8464-403C3A1652F2}.Debug|x64.Build.0 = Debug|Any CPU
		{9DA5B73D-B631-4FFB-8464-403C3A1652F2}.Debug|x86.ActiveCfg = Debug|Any CPU
		{9DA5B73D-B631-4FFB-8464-403C3A1652F2}.Debug|x86.Build.0 = Debug|Any CPU
		{9DA5B73D-B631-4FFB-8464-403C3A1652F2}.Release|Any CPU.ActiveCfg = Release|Any CPU
		{9DA5B73D-B631-4FFB-8464-403C3A1652F2}.Release|Any CPU.Build.0 = Release|Any CPU
		{9DA5B73D-B631-4FFB-8464-403C3A1652F2}.Release|x64.ActiveCfg = Release|Any CPU
		{9DA5B73D-B631-4FFB-8464-403C3A1652F2}.Release|x64.Build.0 = Release|Any CPU
		{9DA5B73D-B631-4FFB-8464-403C3A1652F2}.Release|x86.ActiveCfg = Release|Any CPU
		{9DA5B73D-B631-4FFB-8464-403C3A1652F2}.Release|x86.Build.0 = Release|Any CPU
	EndGlobalSection
	GlobalSection(SolutionProperties) = preSolution
		HideSolutionNode = FALSE
	EndGlobalSection
	GlobalSection(ExtensibilityGlobals) = postSolution
		SolutionGuid = {0372B2FC-5053-4D61-821B-493FD2822398}
	EndGlobalSection
EndGlobal
